
Microsoft Visual Studio Solution File, Format Version 12.00
# Visual Studio Version 16
VisualStudioVersion = 16.0.29519.87
MinimumVisualStudioVersion = 10.0.40219.1
Project("{FAE04EC0-301F-11D3-BF4B-00C04F79EFBC}") = "PC", "PC\PC.csproj", "{39144D88-C28D-4433-AE8A-3904B993308F}"
EndProject
Global
	GlobalSection(SolutionConfigurationPlatforms) = preSolution
		Debug|Any CPU = Debug|Any CPU
		Release|Any CPU = Release|Any CPU
	EndGlobalSection
	GlobalSection(ProjectConfigurationPlatforms) = postSolution
		{39144D88-C28D-4433-AE8A-3904B993308F}.Debug|Any CPU.ActiveCfg = Debug|Any CPU
		{39144D88-C28D-4433-AE8A-3904B993308F}.Debug|Any CPU.Build.0 = Debug|Any CPU
		{39144D88-C28D-4433-AE8A-3904B993308F}.Release|Any CPU.ActiveCfg = Release|Any CPU
		{39144D88-C28D-4433-AE8A-3904B993308F}.Release|Any CPU.Build.0 = Release|Any CPU
	EndGlobalSection
	GlobalSection(SolutionProperties) = preSolution
		HideSolutionNode = FALSE
	EndGlobalSection
	GlobalSection(ExtensibilityGlobals) = postSolution
		SolutionGuid = {F7056189-242F-4643-B049-14A1FD034CD4}
	EndGlobalSection
EndGlobal
